
Microsoft Visual Studio Solution File, Format Version 12.00
# Visual Studio 2012
Project("{FAE04EC0-301F-11D3-BF4B-00C04F79EFBC}") = "SkypeBot.CMD", "SkypeBot.CMD\SkypeBot.CMD.csproj", "{3D472A7B-EC4F-4897-8924-BE73735FA5A7}"
EndProject
Project("{FAE04EC0-301F-11D3-BF4B-00C04F79EFBC}") = "SkypeBot.Plugin", "SkypeBot.Plugin\SkypeBot.Plugin.csproj", "{676496F9-7471-4593-AE23-BDF72B284B3E}"
EndProject
Project("{FAE04EC0-301F-11D3-BF4B-00C04F79EFBC}") = "SkypeBot.HelloUserPlugin", "SkypeBot.HelloUserPlugin\SkypeBot.HelloUserPlugin.csproj", "{B912872E-DB22-463A-859B-19E35FAFA2B2}"
EndProject
Project("{FAE04EC0-301F-11D3-BF4B-00C04F79EFBC}") = "SkypeBot.SpotifySearchPlugin", "SkypeBot.SpotifySearchPlugin\SkypeBot.SpotifySearchPlugin.csproj", "{0E5EA844-1D56-4893-8CBA-3B8A69192CDA}"
EndProject
Global
	GlobalSection(SolutionConfigurationPlatforms) = preSolution
		Debug|Any CPU = Debug|Any CPU
		Release|Any CPU = Release|Any CPU
	EndGlobalSection
	GlobalSection(ProjectConfigurationPlatforms) = postSolution
		{3D472A7B-EC4F-4897-8924-BE73735FA5A7}.Debug|Any CPU.ActiveCfg = Debug|Any CPU
		{3D472A7B-EC4F-4897-8924-BE73735FA5A7}.Debug|Any CPU.Build.0 = Debug|Any CPU
		{3D472A7B-EC4F-4897-8924-BE73735FA5A7}.Release|Any CPU.ActiveCfg = Release|Any CPU
		{3D472A7B-EC4F-4897-8924-BE73735FA5A7}.Release|Any CPU.Build.0 = Release|Any CPU
		{676496F9-7471-4593-AE23-BDF72B284B3E}.Debug|Any CPU.ActiveCfg = Debug|Any CPU
		{676496F9-7471-4593-AE23-BDF72B284B3E}.Debug|Any CPU.Build.0 = Debug|Any CPU
		{676496F9-7471-4593-AE23-BDF72B284B3E}.Release|Any CPU.ActiveCfg = Release|Any CPU
		{676496F9-7471-4593-AE23-BDF72B284B3E}.Release|Any CPU.Build.0 = Release|Any CPU
		{B912872E-DB22-463A-859B-19E35FAFA2B2}.Debug|Any CPU.ActiveCfg = Debug|Any CPU
		{B912872E-DB22-463A-859B-19E35FAFA2B2}.Debug|Any CPU.Build.0 = Debug|Any CPU
		{B912872E-DB22-463A-859B-19E35FAFA2B2}.Release|Any CPU.ActiveCfg = Release|Any CPU
		{B912872E-DB22-463A-859B-19E35FAFA2B2}.Release|Any CPU.Build.0 = Release|Any CPU
		{0E5EA844-1D56-4893-8CBA-3B8A69192CDA}.Debug|Any CPU.ActiveCfg = Debug|Any CPU
		{0E5EA844-1D56-4893-8CBA-3B8A69192CDA}.Debug|Any CPU.Build.0 = Debug|Any CPU
		{0E5EA844-1D56-4893-8CBA-3B8A69192CDA}.Release|Any CPU.ActiveCfg = Release|Any CPU
		{0E5EA844-1D56-4893-8CBA-3B8A69192CDA}.Release|Any CPU.Build.0 = Release|Any CPU
	EndGlobalSection
	GlobalSection(SolutionProperties) = preSolution
		HideSolutionNode = FALSE
	EndGlobalSection
EndGlobal
